
Microsoft Visual Studio Solution File, Format Version 12.00
# Visual Studio Version 17
VisualStudioVersion = 17.11.35219.272
MinimumVisualStudioVersion = 10.0.40219.1
Project("{FAE04EC0-301F-11D3-BF4B-00C04F79EFBC}") = "Final Task", "Final Task\Final Task.csproj", "{9E4FFAFA-3262-4E69-957C-8ABE94131987}"
EndProject
Global
	GlobalSection(SolutionConfigurationPlatforms) = preSolution
		Debug|Any CPU = Debug|Any CPU
		Release|Any CPU = Release|Any CPU
	EndGlobalSection
	GlobalSection(ProjectConfigurationPlatforms) = postSolution
		{9E4FFAFA-3262-4E69-957C-8ABE94131987}.Debug|Any CPU.ActiveCfg = Debug|Any CPU
		{9E4FFAFA-3262-4E69-957C-8ABE94131987}.Debug|Any CPU.Build.0 = Debug|Any CPU
		{9E4FFAFA-3262-4E69-957C-8ABE94131987}.Release|Any CPU.ActiveCfg = Release|Any CPU
		{9E4FFAFA-3262-4E69-957C-8ABE94131987}.Release|Any CPU.Build.0 = Release|Any CPU
	EndGlobalSection
	GlobalSection(SolutionProperties) = preSolution
		HideSolutionNode = FALSE
	EndGlobalSection
	GlobalSection(ExtensibilityGlobals) = postSolution
		SolutionGuid = {25753FBE-09A4-483C-9617-23BE1078AFFF}
	EndGlobalSection
EndGlobal
